<?xml version="1.0" encoding="utf-8"?>
<Project ToolsVersion="4.0" xmlns="http://schemas.microsoft.com/developer/msbuild/2003">
  <ItemGroup>
    <Filter Include="Source Files">
      <UniqueIdentifier>{4FC737F1-C7A5-4376-A066-2A32D752A2FF}</UniqueIdentifier>
      <Extensions>cpp;c;cc;cxx;c++;cppm;ixx;def;odl;idl;hpj;bat;asm;asmx</Extensions>
    </Filter>
    <Filter Include="Header Files">
      <UniqueIdentifier>{93995380-89BD-4b04-88EB-625FBE52EBFB}</UniqueIdentifier>
      <Extensions>h;hh;hpp;hxx;h++;hm;inl;inc;ipp;xsd</Extensions>
    </Filter>
    <Filter Include="Resource Files">
      <UniqueIdentifier>{67DA6AB6-F800-4c08-8B7A-83BB121AAD01}</UniqueIdentifier>
      <Extensions>rc;ico;cur;bmp;dlg;rc2;rct;bin;rgs;gif;jpg;jpeg;jpe;resx;tiff;tif;png;wav;mfcribbon-ms</Extensions>
    </Filter>
    <Filter Include="Header Files\Common">
      <UniqueIdentifier>{5d0adbc2-752d-44c7-aaa0-2ef268a7a616}</UniqueIdentifier>
    </Filter>
    <Filter Include="Source Files\Common">
      <UniqueIdentifier>{b484bccb-5c5a-4160-ab52-2494f934a717}</UniqueIdentifier>
    </Filter>
    <Filter Include="Source Files\Widget">
      <UniqueIdentifier>{278d696a-0191-44d5-aadd-42d1a010177c}</UniqueIdentifier>
    </Filter>
    <Filter Include="Header Files\Widget">
      <UniqueIdentifier>{ba670aba-e5b7-44e9-8db3-2f761558cef9}</UniqueIdentifier>
    </Filter>
  </ItemGroup>
  <ItemGroup>
    <ClInclude Include="includes\taag_client.h">
      <Filter>Header Files</Filter>
    </ClInclude>
    <ClInclude Include="..\TAAG-common\includes\taag_common.h">
      <Filter>Header Files\Common</Filter>
    </ClInclude>
    <ClInclude Include="..\TAAG-common\includes\taag_common_messaging.h">
      <Filter>Header Files\Common</Filter>
    </ClInclude>
    <ClInclude Include="..\TAAG-common\includes\taag_common_account_data.h">
      <Filter>Header Files\Common</Filter>
    </ClInclude>
    <ClInclude Include="includes\taag_client_widget.h">
      <Filter>Header Files\Widget</Filter>
    </ClInclude>
    <ClInclude Include="includes\taag_title_screen_widget.h">
      <Filter>Header Files\Widget</Filter>
    </ClInclude>
    <ClInclude Include="includes\taag_game_menu_widget.h">
      <Filter>Header Files\Widget</Filter>
    </ClInclude>
  </ItemGroup>
  <ItemGroup>
    <ClCompile Include="srcs\main_client.cpp">
      <Filter>Source Files</Filter>
    </ClCompile>
    <ClCompile Include="..\TAAG-common\srcs\common_basic_function.cpp">
      <Filter>Source Files\Common</Filter>
    </ClCompile>
    <ClCompile Include="srcs\taag_client_widget.cpp">
      <Filter>Source Files\Widget</Filter>
    </ClCompile>
    <ClCompile Include="srcs\taag_title_screen_widget.cpp">
      <Filter>Source Files\Widget</Filter>
    </ClCompile>
    <ClCompile Include="srcs\taag_game_menu_widget.cpp">
      <Filter>Source Files\Widget</Filter>
    </ClCompile>
  </ItemGroup>
</Project>